{
  "object": {
    "pins": [
      {
        "package": "Async",
        "repositoryURL": "https://github.com/vapor/async.git",
        "state": {
          "branch": null,
          "revision": "76ed7841b32dcc47168e8d9040ba03c024224d0c",
          "version": "1.0.0-rc.1.1"
        }
      },
      {
        "package": "SSCommonCrypto",
        "repositoryURL": "https://github.com/daltoniam/common-crypto-spm",
        "state": {
          "branch": null,
          "revision": "2eb3aff0fb57f92f5722fac5d6d20bf64669ca66",
          "version": "1.1.0"
        }
      },
      {
        "package": "Console",
        "repositoryURL": "https://github.com/vapor/console.git",
        "state": {
          "branch": null,
          "revision": "5b9796d39f201b3dd06800437abd9d774a455e57",
          "version": "3.0.2"
        }
      },
      {
        "package": "Core",
        "repositoryURL": "https://github.com/vapor/core.git",
        "state": {
          "branch": null,
          "revision": "7f56a09995bf3c8df562be456bdcda405d9d0678",
          "version": "3.4.1"
        }
      },
      {
        "package": "DatabaseKit",
        "repositoryURL": "https://github.com/vapor/database-kit.git",
        "state": {
          "branch": null,
          "revision": "acdd4d3384ec0122dcfcca8d23d9054a2860ffba",
          "version": "1.2.0"
        }
      },
      {
        "package": "Fluent",
        "repositoryURL": "https://github.com/vapor/fluent.git",
        "state": {
          "branch": null,
          "revision": "058b4579aea61dd05012f121fa9fa9042488c57b",
          "version": "3.0.0-rc.4.0.2"
        }
      },
      {
        "package": "FluentSQLite",
        "repositoryURL": "https://github.com/vapor/fluent-sqlite.git",
        "state": {
          "branch": null,
          "revision": "83075582da7414e5b3cdf179266381dec5a106b0",
          "version": "3.0.0-rc.4.0.1"
        }
      },
      {
        "package": "Service",
        "repositoryURL": "https://github.com/vapor/service.git",
        "state": {
          "branch": null,
          "revision": "281a70b69783891900be31a9e70051b6fe19e146",
          "version": "1.0.0"
        }
      },
      {
        "package": "Sockets",
        "repositoryURL": "https://github.com/vapor/sockets.git",
        "state": {
          "branch": null,
          "revision": "738f3ebf3ebb8ea886d5dd8588dd46a54f66af1c",
          "version": "2.2.4"
        }
      },
      {
        "package": "Sodium",
        "repositoryURL": "https://github.com/Azoy/Sodium",
        "state": {
          "branch": null,
          "revision": "7708d654e26c76e245becdbcc507a427d4808c1f",
          "version": "1.1.0"
        }
      },
      {
        "package": "SQL",
        "repositoryURL": "https://github.com/vapor/sql.git",
        "state": {
          "branch": null,
          "revision": "f89155dbf3dd48c838f79d28a636bbe32ad38693",
          "version": "2.0.0-beta.3"
        }
      },
      {
        "package": "SQLite",
        "repositoryURL": "https://github.com/vapor/sqlite.git",
        "state": {
          "branch": null,
          "revision": "500748e7bd9d19b9beeba5b4bccbe751741eb280",
          "version": "3.0.0-rc.4.1"
        }
      },
      {
        "package": "Starscream",
        "repositoryURL": "https://github.com/daltoniam/Starscream.git",
        "state": {
          "branch": null,
          "revision": "114e5df9b6251970a069e8f1c0cbb5802759f0a9",
          "version": "3.0.5"
        }
      },
      {
        "package": "swift-nio",
        "repositoryURL": "https://github.com/apple/swift-nio.git",
        "state": {
          "branch": null,
          "revision": "695afc5205aaa49fca092b94b479ff71c43d9d3c",
          "version": "1.8.0"
        }
      },
      {
        "package": "swift-nio-zlib-support",
        "repositoryURL": "https://github.com/apple/swift-nio-zlib-support.git",
        "state": {
          "branch": null,
          "revision": "37760e9a52030bb9011972c5213c3350fa9d41fd",
          "version": "1.0.0"
        }
      },
      {
        "package": "Sword",
        "repositoryURL": "https://github.com/Azoy/Sword.git",
        "state": {
          "branch": null,
          "revision": "1b94ee1dfbfd9b2c78f2f298b2b10968befccef4",
          "version": "0.9.0"
        }
      },
      {
        "package": "SSCZLib",
        "repositoryURL": "https://github.com/daltoniam/zlib-spm.git",
        "state": {
          "branch": null,
          "revision": "83ac8d719a2f3aa775dbdf116a57f56fb2c49abb",
          "version": "1.1.0"
        }
      }
    ]
  },
  "version": 1
}
